
Microsoft Visual Studio Solution File, Format Version 12.00
# Visual Studio Version 16
VisualStudioVersion = 16.0.31112.23
MinimumVisualStudioVersion = 10.0.40219.1
Project("{9A19103F-16F7-4668-BE54-9A1E7A4F7556}") = "dpsample001", "dpsample001\dpsample001.csproj", "{B6A6794D-0866-45BD-B970-A7D8D21EDF6A}"
EndProject
Project("{9A19103F-16F7-4668-BE54-9A1E7A4F7556}") = "dpsample002", "dpsample002\dpsample002.csproj", "{D242EC06-4BE3-4AA6-B456-A07F5EA34F58}"
EndProject
Project("{9A19103F-16F7-4668-BE54-9A1E7A4F7556}") = "dpsample003", "dpsample003\dpsample003.csproj", "{AC2D185B-3D22-496A-A328-74C7F83EA9A2}"
EndProject
Project("{9A19103F-16F7-4668-BE54-9A1E7A4F7556}") = "dpsample004", "dpsample004\dpsample004.csproj", "{01306F36-AEEA-4813-B5E7-E8F6DC95F8CC}"
EndProject
Project("{9A19103F-16F7-4668-BE54-9A1E7A4F7556}") = "fibonaccisample001", "fibonaccisample001\fibonaccisample001.csproj", "{A981E065-7F76-4292-9319-DF5E2C588775}"
EndProject
Project("{9A19103F-16F7-4668-BE54-9A1E7A4F7556}") = "fibonaccisample002", "fibonaccisample002\fibonaccisample002.csproj", "{600A471B-FD3D-4A88-A593-810BB7040952}"
EndProject
Project("{9A19103F-16F7-4668-BE54-9A1E7A4F7556}") = "stairsup002", "stairsup002\stairsup002.csproj", "{CD72864C-3E6E-4182-82D5-D909678E0FAF}"
EndProject
Project("{9A19103F-16F7-4668-BE54-9A1E7A4F7556}") = "stairsup003", "stairsup003\stairsup003.csproj", "{55D4E628-BE55-4A45-AF7B-79EEB0AFEE8F}"
EndProject
Project("{9A19103F-16F7-4668-BE54-9A1E7A4F7556}") = "stairsup001", "stairsup001\stairsup001.csproj", "{6938E818-5033-49C8-8162-FE94E17BAFE2}"
EndProject
Project("{9A19103F-16F7-4668-BE54-9A1E7A4F7556}") = "lowestprice001", "lowestprice001\lowestprice001.csproj", "{9E0BC3A7-0AB4-4B06-8956-899160A305CD}"
EndProject
Project("{9A19103F-16F7-4668-BE54-9A1E7A4F7556}") = "lowestprice002", "lowestprice002\lowestprice002.csproj", "{160923C8-0BD1-4B90-B7B5-54C5ECFD7854}"
EndProject
Project("{9A19103F-16F7-4668-BE54-9A1E7A4F7556}") = "lowestprice003", "lowestprice003\lowestprice003.csproj", "{8BA191D3-4FFC-4FEB-ADF2-2D479B1E7CB3}"
EndProject
Project("{9A19103F-16F7-4668-BE54-9A1E7A4F7556}") = "lowestprice004", "lowestprice004\lowestprice004.csproj", "{E1D688EA-C84D-43A9-A0BD-F08E8931CFAE}"
EndProject
Project("{9A19103F-16F7-4668-BE54-9A1E7A4F7556}") = "longestpartlength001", "longestpartlength001\longestpartlength001.csproj", "{4C2DD703-229A-43CF-9891-CCE1B7FF0F24}"
EndProject
Project("{9A19103F-16F7-4668-BE54-9A1E7A4F7556}") = "longestpartlength002", "longestpartlength002\longestpartlength002.csproj", "{2FF03816-4A56-4D7E-AA10-470453A2A3FE}"
EndProject
Project("{9A19103F-16F7-4668-BE54-9A1E7A4F7556}") = "longestpartlength003", "longestpartlength003\longestpartlength003.csproj", "{6A73D625-405B-48F8-BCD8-F8BA9E40C4A4}"
EndProject
Project("{9A19103F-16F7-4668-BE54-9A1E7A4F7556}") = "longestpartlength004", "longestpartlength004\longestpartlength004.csproj", "{93922A15-AADE-4B6A-B548-F83BFF6E669F}"
EndProject
Project("{9A19103F-16F7-4668-BE54-9A1E7A4F7556}") = "subsetsum001", "subsetsum001\subsetsum001.csproj", "{ECE74393-C56C-4C05-99E4-8ED17477332A}"
EndProject
Project("{9A19103F-16F7-4668-BE54-9A1E7A4F7556}") = "subsetsum002", "subsetsum002\subsetsum002.csproj", "{5F000D16-5C20-4595-85E3-2DDA96E22B54}"
EndProject
Project("{9A19103F-16F7-4668-BE54-9A1E7A4F7556}") = "subsetsum003", "subsetsum003\subsetsum003.csproj", "{AA2EED40-7DC6-434A-B4B4-898436BACDB0}"
EndProject
Project("{FAE04EC0-301F-11D3-BF4B-00C04F79EFBC}") = "subsetsum004", "subsetsum004\subsetsum004.csproj", "{2A99B4BE-A73B-4C5C-9272-72E1C7C92477}"
EndProject
Global
	GlobalSection(SolutionConfigurationPlatforms) = preSolution
		Debug|Any CPU = Debug|Any CPU
		Release|Any CPU = Release|Any CPU
	EndGlobalSection
	GlobalSection(ProjectConfigurationPlatforms) = postSolution
		{B6A6794D-0866-45BD-B970-A7D8D21EDF6A}.Debug|Any CPU.ActiveCfg = Debug|Any CPU
		{B6A6794D-0866-45BD-B970-A7D8D21EDF6A}.Debug|Any CPU.Build.0 = Debug|Any CPU
		{B6A6794D-0866-45BD-B970-A7D8D21EDF6A}.Release|Any CPU.ActiveCfg = Release|Any CPU
		{B6A6794D-0866-45BD-B970-A7D8D21EDF6A}.Release|Any CPU.Build.0 = Release|Any CPU
		{D242EC06-4BE3-4AA6-B456-A07F5EA34F58}.Debug|Any CPU.ActiveCfg = Debug|Any CPU
		{D242EC06-4BE3-4AA6-B456-A07F5EA34F58}.Debug|Any CPU.Build.0 = Debug|Any CPU
		{D242EC06-4BE3-4AA6-B456-A07F5EA34F58}.Release|Any CPU.ActiveCfg = Release|Any CPU
		{D242EC06-4BE3-4AA6-B456-A07F5EA34F58}.Release|Any CPU.Build.0 = Release|Any CPU
		{AC2D185B-3D22-496A-A328-74C7F83EA9A2}.Debug|Any CPU.ActiveCfg = Debug|Any CPU
		{AC2D185B-3D22-496A-A328-74C7F83EA9A2}.Debug|Any CPU.Build.0 = Debug|Any CPU
		{AC2D185B-3D22-496A-A328-74C7F83EA9A2}.Release|Any CPU.ActiveCfg = Release|Any CPU
		{AC2D185B-3D22-496A-A328-74C7F83EA9A2}.Release|Any CPU.Build.0 = Release|Any CPU
		{01306F36-AEEA-4813-B5E7-E8F6DC95F8CC}.Debug|Any CPU.ActiveCfg = Debug|Any CPU
		{01306F36-AEEA-4813-B5E7-E8F6DC95F8CC}.Debug|Any CPU.Build.0 = Debug|Any CPU
		{01306F36-AEEA-4813-B5E7-E8F6DC95F8CC}.Release|Any CPU.ActiveCfg = Release|Any CPU
		{01306F36-AEEA-4813-B5E7-E8F6DC95F8CC}.Release|Any CPU.Build.0 = Release|Any CPU
		{A981E065-7F76-4292-9319-DF5E2C588775}.Debug|Any CPU.ActiveCfg = Debug|Any CPU
		{A981E065-7F76-4292-9319-DF5E2C588775}.Debug|Any CPU.Build.0 = Debug|Any CPU
		{A981E065-7F76-4292-9319-DF5E2C588775}.Release|Any CPU.ActiveCfg = Release|Any CPU
		{A981E065-7F76-4292-9319-DF5E2C588775}.Release|Any CPU.Build.0 = Release|Any CPU
		{600A471B-FD3D-4A88-A593-810BB7040952}.Debug|Any CPU.ActiveCfg = Debug|Any CPU
		{600A471B-FD3D-4A88-A593-810BB7040952}.Debug|Any CPU.Build.0 = Debug|Any CPU
		{600A471B-FD3D-4A88-A593-810BB7040952}.Release|Any CPU.ActiveCfg = Release|Any CPU
		{600A471B-FD3D-4A88-A593-810BB7040952}.Release|Any CPU.Build.0 = Release|Any CPU
		{CD72864C-3E6E-4182-82D5-D909678E0FAF}.Debug|Any CPU.ActiveCfg = Debug|Any CPU
		{CD72864C-3E6E-4182-82D5-D909678E0FAF}.Debug|Any CPU.Build.0 = Debug|Any CPU
		{CD72864C-3E6E-4182-82D5-D909678E0FAF}.Release|Any CPU.ActiveCfg = Release|Any CPU
		{CD72864C-3E6E-4182-82D5-D909678E0FAF}.Release|Any CPU.Build.0 = Release|Any CPU
		{55D4E628-BE55-4A45-AF7B-79EEB0AFEE8F}.Debug|Any CPU.ActiveCfg = Debug|Any CPU
		{55D4E628-BE55-4A45-AF7B-79EEB0AFEE8F}.Debug|Any CPU.Build.0 = Debug|Any CPU
		{55D4E628-BE55-4A45-AF7B-79EEB0AFEE8F}.Release|Any CPU.ActiveCfg = Release|Any CPU
		{55D4E628-BE55-4A45-AF7B-79EEB0AFEE8F}.Release|Any CPU.Build.0 = Release|Any CPU
		{6938E818-5033-49C8-8162-FE94E17BAFE2}.Debug|Any CPU.ActiveCfg = Debug|Any CPU
		{6938E818-5033-49C8-8162-FE94E17BAFE2}.Debug|Any CPU.Build.0 = Debug|Any CPU
		{6938E818-5033-49C8-8162-FE94E17BAFE2}.Release|Any CPU.ActiveCfg = Release|Any CPU
		{6938E818-5033-49C8-8162-FE94E17BAFE2}.Release|Any CPU.Build.0 = Release|Any CPU
		{9E0BC3A7-0AB4-4B06-8956-899160A305CD}.Debug|Any CPU.ActiveCfg = Debug|Any CPU
		{9E0BC3A7-0AB4-4B06-8956-899160A305CD}.Debug|Any CPU.Build.0 = Debug|Any CPU
		{9E0BC3A7-0AB4-4B06-8956-899160A305CD}.Release|Any CPU.ActiveCfg = Release|Any CPU
		{9E0BC3A7-0AB4-4B06-8956-899160A305CD}.Release|Any CPU.Build.0 = Release|Any CPU
		{160923C8-0BD1-4B90-B7B5-54C5ECFD7854}.Debug|Any CPU.ActiveCfg = Debug|Any CPU
		{160923C8-0BD1-4B90-B7B5-54C5ECFD7854}.Debug|Any CPU.Build.0 = Debug|Any CPU
		{160923C8-0BD1-4B90-B7B5-54C5ECFD7854}.Release|Any CPU.ActiveCfg = Release|Any CPU
		{160923C8-0BD1-4B90-B7B5-54C5ECFD7854}.Release|Any CPU.Build.0 = Release|Any CPU
		{8BA191D3-4FFC-4FEB-ADF2-2D479B1E7CB3}.Debug|Any CPU.ActiveCfg = Debug|Any CPU
		{8BA191D3-4FFC-4FEB-ADF2-2D479B1E7CB3}.Debug|Any CPU.Build.0 = Debug|Any CPU
		{8BA191D3-4FFC-4FEB-ADF2-2D479B1E7CB3}.Release|Any CPU.ActiveCfg = Release|Any CPU
		{8BA191D3-4FFC-4FEB-ADF2-2D479B1E7CB3}.Release|Any CPU.Build.0 = Release|Any CPU
		{E1D688EA-C84D-43A9-A0BD-F08E8931CFAE}.Debug|Any CPU.ActiveCfg = Debug|Any CPU
		{E1D688EA-C84D-43A9-A0BD-F08E8931CFAE}.Debug|Any CPU.Build.0 = Debug|Any CPU
		{E1D688EA-C84D-43A9-A0BD-F08E8931CFAE}.Release|Any CPU.ActiveCfg = Release|Any CPU
		{E1D688EA-C84D-43A9-A0BD-F08E8931CFAE}.Release|Any CPU.Build.0 = Release|Any CPU
		{4C2DD703-229A-43CF-9891-CCE1B7FF0F24}.Debug|Any CPU.ActiveCfg = Debug|Any CPU
		{4C2DD703-229A-43CF-9891-CCE1B7FF0F24}.Debug|Any CPU.Build.0 = Debug|Any CPU
		{4C2DD703-229A-43CF-9891-CCE1B7FF0F24}.Release|Any CPU.ActiveCfg = Release|Any CPU
		{4C2DD703-229A-43CF-9891-CCE1B7FF0F24}.Release|Any CPU.Build.0 = Release|Any CPU
		{2FF03816-4A56-4D7E-AA10-470453A2A3FE}.Debug|Any CPU.ActiveCfg = Debug|Any CPU
		{2FF03816-4A56-4D7E-AA10-470453A2A3FE}.Debug|Any CPU.Build.0 = Debug|Any CPU
		{2FF03816-4A56-4D7E-AA10-470453A2A3FE}.Release|Any CPU.ActiveCfg = Release|Any CPU
		{2FF03816-4A56-4D7E-AA10-470453A2A3FE}.Release|Any CPU.Build.0 = Release|Any CPU
		{6A73D625-405B-48F8-BCD8-F8BA9E40C4A4}.Debug|Any CPU.ActiveCfg = Debug|Any CPU
		{6A73D625-405B-48F8-BCD8-F8BA9E40C4A4}.Debug|Any CPU.Build.0 = Debug|Any CPU
		{6A73D625-405B-48F8-BCD8-F8BA9E40C4A4}.Release|Any CPU.ActiveCfg = Release|Any CPU
		{6A73D625-405B-48F8-BCD8-F8BA9E40C4A4}.Release|Any CPU.Build.0 = Release|Any CPU
		{93922A15-AADE-4B6A-B548-F83BFF6E669F}.Debug|Any CPU.ActiveCfg = Debug|Any CPU
		{93922A15-AADE-4B6A-B548-F83BFF6E669F}.Debug|Any CPU.Build.0 = Debug|Any CPU
		{93922A15-AADE-4B6A-B548-F83BFF6E669F}.Release|Any CPU.ActiveCfg = Release|Any CPU
		{93922A15-AADE-4B6A-B548-F83BFF6E669F}.Release|Any CPU.Build.0 = Release|Any CPU
		{ECE74393-C56C-4C05-99E4-8ED17477332A}.Debug|Any CPU.ActiveCfg = Debug|Any CPU
		{ECE74393-C56C-4C05-99E4-8ED17477332A}.Debug|Any CPU.Build.0 = Debug|Any CPU
		{ECE74393-C56C-4C05-99E4-8ED17477332A}.Release|Any CPU.ActiveCfg = Release|Any CPU
		{ECE74393-C56C-4C05-99E4-8ED17477332A}.Release|Any CPU.Build.0 = Release|Any CPU
		{5F000D16-5C20-4595-85E3-2DDA96E22B54}.Debug|Any CPU.ActiveCfg = Debug|Any CPU
		{5F000D16-5C20-4595-85E3-2DDA96E22B54}.Debug|Any CPU.Build.0 = Debug|Any CPU
		{5F000D16-5C20-4595-85E3-2DDA96E22B54}.Release|Any CPU.ActiveCfg = Release|Any CPU
		{5F000D16-5C20-4595-85E3-2DDA96E22B54}.Release|Any CPU.Build.0 = Release|Any CPU
		{AA2EED40-7DC6-434A-B4B4-898436BACDB0}.Debug|Any CPU.ActiveCfg = Debug|Any CPU
		{AA2EED40-7DC6-434A-B4B4-898436BACDB0}.Debug|Any CPU.Build.0 = Debug|Any CPU
		{AA2EED40-7DC6-434A-B4B4-898436BACDB0}.Release|Any CPU.ActiveCfg = Release|Any CPU
		{AA2EED40-7DC6-434A-B4B4-898436BACDB0}.Release|Any CPU.Build.0 = Release|Any CPU
		{2A99B4BE-A73B-4C5C-9272-72E1C7C92477}.Debug|Any CPU.ActiveCfg = Debug|Any CPU
		{2A99B4BE-A73B-4C5C-9272-72E1C7C92477}.Debug|Any CPU.Build.0 = Debug|Any CPU
		{2A99B4BE-A73B-4C5C-9272-72E1C7C92477}.Release|Any CPU.ActiveCfg = Release|Any CPU
		{2A99B4BE-A73B-4C5C-9272-72E1C7C92477}.Release|Any CPU.Build.0 = Release|Any CPU
	EndGlobalSection
	GlobalSection(SolutionProperties) = preSolution
		HideSolutionNode = FALSE
	EndGlobalSection
	GlobalSection(ExtensibilityGlobals) = postSolution
		SolutionGuid = {1CCE1F1E-8EF1-4D07-A0B0-4735FE66EF30}
	EndGlobalSection
EndGlobal
